
Microsoft Visual Studio Solution File, Format Version 12.00
# Visual Studio 2013
VisualStudioVersion = 12.0.30501.0
MinimumVisualStudioVersion = 10.0.40219.1
Project("{FAE04EC0-301F-11D3-BF4B-00C04F79EFBC}") = "SnooSharp", "SnooSharp.csproj", "{D9BAA749-5BBE-4DAE-B5EA-4D70DEF266FC}"
EndProject
Global
	GlobalSection(SolutionConfigurationPlatforms) = preSolution
		Debug|Any CPU = Debug|Any CPU
		Release|Any CPU = Release|Any CPU
		Release2|Any CPU = Release2|Any CPU
	EndGlobalSection
	GlobalSection(ProjectConfigurationPlatforms) = postSolution
		{D9BAA749-5BBE-4DAE-B5EA-4D70DEF266FC}.Debug|Any CPU.ActiveCfg = Debug|Any CPU
		{D9BAA749-5BBE-4DAE-B5EA-4D70DEF266FC}.Debug|Any CPU.Build.0 = Debug|Any CPU
		{D9BAA749-5BBE-4DAE-B5EA-4D70DEF266FC}.Release|Any CPU.ActiveCfg = Release|Any CPU
		{D9BAA749-5BBE-4DAE-B5EA-4D70DEF266FC}.Release|Any CPU.Build.0 = Release|Any CPU
		{D9BAA749-5BBE-4DAE-B5EA-4D70DEF266FC}.Release2|Any CPU.ActiveCfg = Release2|Any CPU
		{D9BAA749-5BBE-4DAE-B5EA-4D70DEF266FC}.Release2|Any CPU.Build.0 = Release2|Any CPU
	EndGlobalSection
	GlobalSection(SolutionProperties) = preSolution
		HideSolutionNode = FALSE
	EndGlobalSection
EndGlobal
